
Microsoft Visual Studio Solution File, Format Version 12.00
# Visual Studio Version 17
VisualStudioVersion = 17.6.33815.320
MinimumVisualStudioVersion = 10.0.40219.1
Project("{FAE04EC0-301F-11D3-BF4B-00C04F79EFBC}") = "CrudApiJw", "CrudApiJw\CrudApiJw.csproj", "{312C32EC-D52D-4F7C-95CB-D8535E25C952}"
EndProject
Global
	GlobalSection(SolutionConfigurationPlatforms) = preSolution
		Debug|Any CPU = Debug|Any CPU
		Release|Any CPU = Release|Any CPU
	EndGlobalSection
	GlobalSection(ProjectConfigurationPlatforms) = postSolution
		{312C32EC-D52D-4F7C-95CB-D8535E25C952}.Debug|Any CPU.ActiveCfg = Debug|Any CPU
		{312C32EC-D52D-4F7C-95CB-D8535E25C952}.Debug|Any CPU.Build.0 = Debug|Any CPU
		{312C32EC-D52D-4F7C-95CB-D8535E25C952}.Release|Any CPU.ActiveCfg = Release|Any CPU
		{312C32EC-D52D-4F7C-95CB-D8535E25C952}.Release|Any CPU.Build.0 = Release|Any CPU
	EndGlobalSection
	GlobalSection(SolutionProperties) = preSolution
		HideSolutionNode = FALSE
	EndGlobalSection
	GlobalSection(ExtensibilityGlobals) = postSolution
		SolutionGuid = {F69794A6-D895-4C9F-99CD-5483C9500768}
	EndGlobalSection
EndGlobal
